// !$*UTF8*$!
{
	archiveVersion = 1;
	classes = {
	};
	objectVersion = 50;
	objects = {

/* Begin PBXBuildFile section */
		2768ED082465E10C00724127 /* AppDelegate.swift in Sources */ = {isa = PBXBuildFile; fileRef = 2768ED072465E10C00724127 /* AppDelegate.swift */; };
		2768ED0A2465E10C00724127 /* MemesEditViewController.swift in Sources */ = {isa = PBXBuildFile; fileRef = 2768ED092465E10C00724127 /* MemesEditViewController.swift */; };
		2768ED0D2465E10C00724127 /* Main.storyboard in Resources */ = {isa = PBXBuildFile; fileRef = 2768ED0B2465E10C00724127 /* Main.storyboard */; };
		2768ED0F2465E10E00724127 /* Assets.xcassets in Resources */ = {isa = PBXBuildFile; fileRef = 2768ED0E2465E10E00724127 /* Assets.xcassets */; };
		2768ED122465E10E00724127 /* LaunchScreen.storyboard in Resources */ = {isa = PBXBuildFile; fileRef = 2768ED102465E10E00724127 /* LaunchScreen.storyboard */; };
		2768ED3C24675FC300724127 /* Meme.swift in Sources */ = {isa = PBXBuildFile; fileRef = 2768ED3B24675FC300724127 /* Meme.swift */; };
		27A0CFD6247051C80007A686 /* SentMemesTableViewController.swift in Sources */ = {isa = PBXBuildFile; fileRef = 27A0CFD5247051C80007A686 /* SentMemesTableViewController.swift */; };
		27A0CFDA2470C0010007A686 /* MemeCollectionViewCell.swift in Sources */ = {isa = PBXBuildFile; fileRef = 27A0CFD92470C0010007A686 /* MemeCollectionViewCell.swift */; };
		27A0CFDC2470CBFB0007A686 /* MemeDetailViewController.swift in Sources */ = {isa = PBXBuildFile; fileRef = 27A0CFDB2470CBFB0007A686 /* MemeDetailViewController.swift */; };
		27A0CFDE2470DB6D0007A686 /* SentMemeCollectionViewController.swift in Sources */ = {isa = PBXBuildFile; fileRef = 27A0CFDD2470DB6D0007A686 /* SentMemeCollectionViewController.swift */; };
/* End PBXBuildFile section */

/* Begin PBXFileReference section */
		2768ED042465E10C00724127 /* MemeMe1.0.app */ = {isa = PBXFileReference; explicitFileType = wrapper.application; includeInIndex = 0; path = MemeMe1.0.app; sourceTree = BUILT_PRODUCTS_DIR; };
		2768ED072465E10C00724127 /* AppDelegate.swift */ = {isa = PBXFileReference; lastKnownFileType = sourcecode.swift; path = AppDelegate.swift; sourceTree = "<group>"; };
		2768ED092465E10C00724127 /* MemesEditViewController.swift */ = {isa = PBXFileReference; lastKnownFileType = sourcecode.swift; path = MemesEditViewController.swift; sourceTree = "<group>"; };
		2768ED0C2465E10C00724127 /* Base */ = {isa = PBXFileReference; lastKnownFileType = file.storyboard; name = Base; path = Base.lproj/Main.storyboard; sourceTree = "<group>"; };
		2768ED0E2465E10E00724127 /* Assets.xcassets */ = {isa = PBXFileReference; lastKnownFileType = folder.assetcatalog; path = Assets.xcassets; sourceTree = "<group>"; };
		2768ED112465E10E00724127 /* Base */ = {isa = PBXFileReference; lastKnownFileType = file.storyboard; name = Base; path = Base.lproj/LaunchScreen.storyboard; sourceTree = "<group>"; };
		2768ED132465E10E00724127 /* Info.plist */ = {isa = PBXFileReference; lastKnownFileType = text.plist.xml; path = Info.plist; sourceTree = "<group>"; };
		2768ED3B24675FC300724127 /* Meme.swift */ = {isa = PBXFileReference; lastKnownFileType = sourcecode.swift; path = Meme.swift; sourceTree = "<group>"; };
		27A0CFD5247051C80007A686 /* SentMemesTableViewController.swift */ = {isa = PBXFileReference; lastKnownFileType = sourcecode.swift; path = SentMemesTableViewController.swift; sourceTree = "<group>"; };
		27A0CFD92470C0010007A686 /* MemeCollectionViewCell.swift */ = {isa = PBXFileReference; lastKnownFileType = sourcecode.swift; path = MemeCollectionViewCell.swift; sourceTree = "<group>"; };
		27A0CFDB2470CBFB0007A686 /* MemeDetailViewController.swift */ = {isa = PBXFileReference; lastKnownFileType = sourcecode.swift; path = MemeDetailViewController.swift; sourceTree = "<group>"; };
		27A0CFDD2470DB6D0007A686 /* SentMemeCollectionViewController.swift */ = {isa = PBXFileReference; lastKnownFileType = sourcecode.swift; path = SentMemeCollectionViewController.swift; sourceTree = "<group>"; };
/* End PBXFileReference section */

/* Begin PBXFrameworksBuildPhase section */
		2768ED012465E10C00724127 /* Frameworks */ = {
			isa = PBXFrameworksBuildPhase;
			buildActionMask = 2147483647;
			files = (
			);
			runOnlyForDeploymentPostprocessing = 0;
		};
/* End PBXFrameworksBuildPhase section */

/* Begin PBXGroup section */
		2768ECFB2465E10C00724127 = {
			isa = PBXGroup;
			children = (
				2768ED062465E10C00724127 /* MemeMe1.0 */,
				2768ED052465E10C00724127 /* Products */,
			);
			sourceTree = "<group>";
		};
		2768ED052465E10C00724127 /* Products */ = {
			isa = PBXGroup;
			children = (
				2768ED042465E10C00724127 /* MemeMe1.0.app */,
			);
			name = Products;
			sourceTree = "<group>";
		};
		2768ED062465E10C00724127 /* MemeMe1.0 */ = {
			isa = PBXGroup;
			children = (
				2768ED072465E10C00724127 /* AppDelegate.swift */,
				27A0CFD5247051C80007A686 /* SentMemesTableViewController.swift */,
				27A0CFDD2470DB6D0007A686 /* SentMemeCollectionViewController.swift */,
				27A0CFD92470C0010007A686 /* MemeCollectionViewCell.swift */,
				2768ED092465E10C00724127 /* MemesEditViewController.swift */,
				27A0CFDB2470CBFB0007A686 /* MemeDetailViewController.swift */,
				2768ED3B24675FC300724127 /* Meme.swift */,
				2768ED0B2465E10C00724127 /* Main.storyboard */,
				2768ED0E2465E10E00724127 /* Assets.xcassets */,
				2768ED102465E10E00724127 /* LaunchScreen.storyboard */,
				2768ED132465E10E00724127 /* Info.plist */,
			);
			path = MemeMe1.0;
			sourceTree = "<group>";
		};
/* End PBXGroup section */

/* Begin PBXNativeTarget section */
		2768ED032465E10C00724127 /* MemeMe1.0 */ = {
			isa = PBXNativeTarget;
			buildConfigurationList = 2768ED162465E10E00724127 /* Build configuration list for PBXNativeTarget "MemeMe1.0" */;
			buildPhases = (
				2768ED002465E10C00724127 /* Sources */,
				2768ED012465E10C00724127 /* Frameworks */,
				2768ED022465E10C00724127 /* Resources */,
			);
			buildRules = (
			);
			dependencies = (
			);
			name = MemeMe1.0;
			productName = MemeMe1.0;
			productReference = 2768ED042465E10C00724127 /* MemeMe1.0.app */;
			productType = "com.apple.product-type.application";
		};
/* End PBXNativeTarget section */

/* Begin PBXProject section */
		2768ECFC2465E10C00724127 /* Project object */ = {
			isa = PBXProject;
			attributes = {
				LastSwiftUpdateCheck = 1030;
				LastUpgradeCheck = 1030;
				ORGANIZATIONNAME = Khlood;
				TargetAttributes = {
					2768ED032465E10C00724127 = {
						CreatedOnToolsVersion = 10.3;
					};
				};
			};
			buildConfigurationList = 2768ECFF2465E10C00724127 /* Build configuration list for PBXProject "MemeMe1.0" */;
			compatibilityVersion = "Xcode 9.3";
			developmentRegion = en;
			hasScannedForEncodings = 0;
			knownRegions = (
				en,
				Base,
			);
			mainGroup = 2768ECFB2465E10C00724127;
			productRefGroup = 2768ED052465E10C00724127 /* Products */;
			projectDirPath = "";
			projectRoot = "";
			targets = (
				2768ED032465E10C00724127 /* MemeMe1.0 */,
			);
		};
/* End PBXProject section */

/* Begin PBXResourcesBuildPhase section */
		2768ED022465E10C00724127 /* Resources */ = {
			isa = PBXResourcesBuildPhase;
			buildActionMask = 2147483647;
			files = (
				2768ED122465E10E00724127 /* LaunchScreen.storyboard in Resources */,
				2768ED0F2465E10E00724127 /* Assets.xcassets in Resources */,
				2768ED0D2465E10C00724127 /* Main.storyboard in Resources */,
			);
			runOnlyForDeploymentPostprocessing = 0;
		};
/* End PBXResourcesBuildPhase section */

/* Begin PBXSourcesBuildPhase section */
		2768ED002465E10C00724127 /* Sources */ = {
			isa = PBXSourcesBuildPhase;
			buildActionMask = 2147483647;
			files = (
				27A0CFDA2470C0010007A686 /* MemeCollectionViewCell.swift in Sources */,
				2768ED3C24675FC300724127 /* Meme.swift in Sources */,
				27A0CFDE2470DB6D0007A686 /* SentMemeCollectionViewController.swift in Sources */,
				2768ED0A2465E10C00724127 /* MemesEditViewController.swift in Sources */,
				2768ED082465E10C00724127 /* AppDelegate.swift in Sources */,
				27A0CFDC2470CBFB0007A686 /* MemeDetailViewController.swift in Sources */,
				27A0CFD6247051C80007A686 /* SentMemesTableViewController.swift in Sources */,
			);
			runOnlyForDeploymentPostprocessing = 0;
		};
/* End PBXSourcesBuildPhase section */

/* Begin PBXVariantGroup section */
		2768ED0B2465E10C00724127 /* Main.storyboard */ = {
			isa = PBXVariantGroup;
			children = (
				2768ED0C2465E10C00724127 /* Base */,
			);
			name = Main.storyboard;
			sourceTree = "<group>";
		};
		2768ED102465E10E00724127 /* LaunchScreen.storyboard */ = {
			isa = PBXVariantGroup;
			children = (
				2768ED112465E10E00724127 /* Base */,
			);
			name = LaunchScreen.storyboard;
			sourceTree = "<group>";
		};
/* End PBXVariantGroup section */

/* Begin XCBuildConfiguration section */
		2768ED142465E10E00724127 /* Debug */ = {
			isa = XCBuildConfiguration;
			buildSettings = {
				ALWAYS_SEARCH_USER_PATHS = NO;
				CLANG_ANALYZER_NONNULL = YES;
				CLANG_ANALYZER_NUMBER_OBJECT_CONVERSION = YES_AGGRESSIVE;
				CLANG_CXX_LANGUAGE_STANDARD = "gnu++14";
				CLANG_CXX_LIBRARY = "libc++";
				CLANG_ENABLE_MODULES = YES;
				CLANG_ENABLE_OBJC_ARC = YES;
				CLANG_ENABLE_OBJC_WEAK = YES;
				CLANG_WARN_BLOCK_CAPTURE_AUTORELEASING = YES;
				CLANG_WARN_BOOL_CONVERSION = YES;
				CLANG_WARN_COMMA = YES;
				CLANG_WARN_CONSTANT_CONVERSION = YES;
				CLANG_WARN_DEPRECATED_OBJC_IMPLEMENTATIONS = YES;
				CLANG_WARN_DIRECT_OBJC_ISA_USAGE = YES_ERROR;
				CLANG_WARN_DOCUMENTATION_COMMENTS = YES;
				CLANG_WARN_EMPTY_BODY = YES;
				CLANG_WARN_ENUM_CONVERSION = YES;
				CLANG_WARN_INFINITE_RECURSION = YES;
				CLANG_WARN_INT_CONVERSION = YES;
				CLANG_WARN_NON_LITERAL_NULL_CONVERSION = YES;
				CLANG_WARN_OBJC_IMPLICIT_RETAIN_SELF = YES;
				CLANG_WARN_OBJC_LITERAL_CONVERSION = YES;
				CLANG_WARN_OBJC_ROOT_CLASS = YES_ERROR;
				CLANG_WARN_RANGE_LOOP_ANALYSIS = YES;
				CLANG_WARN_STRICT_PROTOTYPES = YES;
				CLANG_WARN_SUSPICIOUS_MOVE = YES;
				CLANG_WARN_UNGUARDED_AVAILABILITY = YES_AGGRESSIVE;
				CLANG_WARN_UNREACHABLE_CODE = YES;
				CLANG_WARN__DUPLICATE_METHOD_MATCH = YES;
				CODE_SIGN_IDENTITY = "iPhone Developer";
				COPY_PHASE_STRIP = NO;
				DEBUG_INFORMATION_FORMAT = dwarf;
				ENABLE_STRICT_OBJC_MSGSEND = YES;
				ENABLE_TESTABILITY = YES;
				GCC_C_LANGUAGE_STANDARD = gnu11;
				GCC_DYNAMIC_NO_PIC = NO;
				GCC_NO_COMMON_BLOCKS = YES;
				GCC_OPTIMIZATION_LEVEL = 0;
				GCC_PREPROCESSOR_DEFINITIONS = (
					"DEBUG=1",
					"$(inherited)",
				);
				GCC_WARN_64_TO_32_BIT_CONVERSION = YES;
				GCC_WARN_ABOUT_RETURN_TYPE = YES_ERROR;
				GCC_WARN_UNDECLARED_SELECTOR = YES;
				GCC_WARN_UNINITIALIZED_AUTOS = YES_AGGRESSIVE;
				GCC_WARN_UNUSED_FUNCTION = YES;
				GCC_WARN_UNUSED_VARIABLE = YES;
				IPHONEOS_DEPLOYMENT_TARGET = 12.4;
				MTL_ENABLE_DEBUG_INFO = INCLUDE_SOURCE;
				MTL_FAST_MATH = YES;
				ONLY_ACTIVE_ARCH = YES;
				SDKROOT = iphoneos;
				SWIFT_ACTIVE_COMPILATION_CONDITIONS = DEBUG;
				SWIFT_OPTIMIZATION_LEVEL = "-Onone";
			};
			name = Debug;
		};
		2768ED152465E10E00724127 /* Release */ = {
			isa = XCBuildConfiguration;
			buildSettings = {
				ALWAYS_SEARCH_USER_PATHS = NO;
				CLANG_ANALYZER_NONNULL = YES;
				CLANG_ANALYZER_NUMBER_OBJECT_CONVERSION = YES_AGGRESSIVE;
				CLANG_CXX_LANGUAGE_STANDARD = "gnu++14";
				CLANG_CXX_LIBRARY = "libc++";
				CLANG_ENABLE_MODULES = YES;
				CLANG_ENABLE_OBJC_ARC = YES;
				CLANG_ENABLE_OBJC_WEAK = YES;
				CLANG_WARN_BLOCK_CAPTURE_AUTORELEASING = YES;
				CLANG_WARN_BOOL_CONVERSION = YES;
				CLANG_WARN_COMMA = YES;
				CLANG_WARN_CONSTANT_CONVERSION = YES;
				CLANG_WARN_DEPRECATED_OBJC_IMPLEMENTATIONS = YES;
				CLANG_WARN_DIRECT_OBJC_ISA_USAGE = YES_ERROR;
				CLANG_WARN_DOCUMENTATION_COMMENTS = YES;
				CLANG_WARN_EMPTY_BODY = YES;
				CLANG_WARN_ENUM_CONVERSION = YES;
				CLANG_WARN_INFINITE_RECURSION = YES;
				CLANG_WARN_INT_CONVERSION = YES;
				CLANG_WARN_NON_LITERAL_NULL_CONVERSION = YES;
				CLANG_WARN_OBJC_IMPLICIT_RETAIN_SELF = YES;
				CLANG_WARN_OBJC_LITERAL_CONVERSION = YES;
				CLANG_WARN_OBJC_ROOT_CLASS = YES_ERROR;
				CLANG_WARN_RANGE_LOOP_ANALYSIS = YES;
				CLANG_WARN_STRICT_PROTOTYPES = YES;
				CLANG_WARN_SUSPICIOUS_MOVE = YES;
				CLANG_WARN_UNGUARDED_AVAILABILITY = YES_AGGRESSIVE;
				CLANG_WARN_UNREACHABLE_CODE = YES;
				CLANG_WARN__DUPLICATE_METHOD_MATCH = YES;
				CODE_SIGN_IDENTITY = "iPhone Developer";
				COPY_PHASE_STRIP = NO;
				DEBUG_INFORMATION_FORMAT = "dwarf-with-dsym";
				ENABLE_NS_ASSERTIONS = NO;
				ENABLE_STRICT_OBJC_MSGSEND = YES;
				GCC_C_LANGUAGE_STANDARD = gnu11;
				GCC_NO_COMMON_BLOCKS = YES;
				GCC_WARN_64_TO_32_BIT_CONVERSION = YES;
				GCC_WARN_ABOUT_RETURN_TYPE = YES_ERROR;
				GCC_WARN_UNDECLARED_SELECTOR = YES;
				GCC_WARN_UNINITIALIZED_AUTOS = YES_AGGRESSIVE;
				GCC_WARN_UNUSED_FUNCTION = YES;
				GCC_WARN_UNUSED_VARIABLE = YES;
				IPHONEOS_DEPLOYMENT_TARGET = 12.4;
				MTL_ENABLE_DEBUG_INFO = NO;
				MTL_FAST_MATH = YES;
				SDKROOT = iphoneos;
				SWIFT_COMPILATION_MODE = wholemodule;
				SWIFT_OPTIMIZATION_LEVEL = "-O";
				VALIDATE_PRODUCT = YES;
			};
			name = Release;
		};
		2768ED172465E10E00724127 /* Debug */ = {
			isa = XCBuildConfiguration;
			buildSettings = {
				ASSETCATALOG_COMPILER_APPICON_NAME = AppIcon;
				CODE_SIGN_STYLE = Automatic;
				INFOPLIST_FILE = MemeMe1.0/Info.plist;
				LD_RUNPATH_SEARCH_PATHS = (
					"$(inherited)",
					"@executable_path/Frameworks",
				);
				PRODUCT_BUNDLE_IDENTIFIER = "Khlood.MemeMe1-0";
				PRODUCT_NAME = "$(TARGET_NAME)";
				SWIFT_VERSION = 5.0;
				TARGETED_DEVICE_FAMILY = "1,2";
			};
			name = Debug;
		};
		2768ED182465E10E00724127 /* Release */ = {
			isa = XCBuildConfiguration;
			buildSettings = {
				ASSETCATALOG_COMPILER_APPICON_NAME = AppIcon;
				CODE_SIGN_STYLE = Automatic;
				INFOPLIST_FILE = MemeMe1.0/Info.plist;
				LD_RUNPATH_SEARCH_PATHS = (
					"$(inherited)",
					"@executable_path/Frameworks",
				);
				PRODUCT_BUNDLE_IDENTIFIER = "Khlood.MemeMe1-0";
				PRODUCT_NAME = "$(TARGET_NAME)";
				SWIFT_VERSION = 5.0;
				TARGETED_DEVICE_FAMILY = "1,2";
			};
			name = Release;
		};
/* End XCBuildConfiguration section */

/* Begin XCConfigurationList section */
		2768ECFF2465E10C00724127 /* Build configuration list for PBXProject "MemeMe1.0" */ = {
			isa = XCConfigurationList;
			buildConfigurations = (
				2768ED142465E10E00724127 /* Debug */,
				2768ED152465E10E00724127 /* Release */,
			);
			defaultConfigurationIsVisible = 0;
			defaultConfigurationName = Release;
		};
		2768ED162465E10E00724127 /* Build configuration list for PBXNativeTarget "MemeMe1.0" */ = {
			isa = XCConfigurationList;
			buildConfigurations = (
				2768ED172465E10E00724127 /* Debug */,
				2768ED182465E10E00724127 /* Release */,
			);
			defaultConfigurationIsVisible = 0;
			defaultConfigurationName = Release;
		};
/* End XCConfigurationList section */
	};
	rootObject = 2768ECFC2465E10C00724127 /* Project object */;
}
